
Microsoft Visual Studio Solution File, Format Version 12.00
# Visual Studio 2013
VisualStudioVersion = 12.0.31101.0
MinimumVisualStudioVersion = 10.0.40219.1
Project("{FAE04EC0-301F-11D3-BF4B-00C04F79EFBC}") = "PublicationAssistantSystem.DAL", "PublicationAssistantSystem.DAL\PublicationAssistantSystem.DAL.csproj", "{A569A040-0932-4372-9313-42B2E031CBB0}"
EndProject
Project("{FAE04EC0-301F-11D3-BF4B-00C04F79EFBC}") = "PublicationAssistantSystem.UI", "PublicationAssistantSystem.UI\PublicationAssistantSystem.UI.csproj", "{3D73DB7B-424B-40E0-B862-71299733C562}"
EndProject
Project("{FAE04EC0-301F-11D3-BF4B-00C04F79EFBC}") = "PublicationAssistantSystem.Core", "PublicationAssistantSystem.Core\PublicationAssistantSystem.Core.csproj", "{01D0E6E8-0A41-4193-AA93-F4BE0220C1CB}"
EndProject
Project("{FAE04EC0-301F-11D3-BF4B-00C04F79EFBC}") = "PublicationAssistantSystem.Web", "PublicationAssistantSystem.Web\PublicationAssistantSystem.Web.csproj", "{8BCBD193-CE59-438D-ABEE-01E3A1304206}"
EndProject
Project("{FAE04EC0-301F-11D3-BF4B-00C04F79EFBC}") = "PublicationAssistantSystem.Web.UnitTests", "PublicationAssistantSystem.Web.UnitTests\PublicationAssistantSystem.Web.UnitTests.csproj", "{688C7FA9-4DB1-4B0E-A6BE-DF3981180E50}"
EndProject
Project("{2150E333-8FDC-42A3-9474-1A3956D46DE8}") = "UnitTests", "UnitTests", "{25F7E1C4-7592-48AB-961D-A087F761CBA5}"
EndProject
Global
	GlobalSection(SolutionConfigurationPlatforms) = preSolution
		Debug|Any CPU = Debug|Any CPU
		Release|Any CPU = Release|Any CPU
	EndGlobalSection
	GlobalSection(ProjectConfigurationPlatforms) = postSolution
		{A569A040-0932-4372-9313-42B2E031CBB0}.Debug|Any CPU.ActiveCfg = Debug|Any CPU
		{A569A040-0932-4372-9313-42B2E031CBB0}.Debug|Any CPU.Build.0 = Debug|Any CPU
		{A569A040-0932-4372-9313-42B2E031CBB0}.Release|Any CPU.ActiveCfg = Release|Any CPU
		{A569A040-0932-4372-9313-42B2E031CBB0}.Release|Any CPU.Build.0 = Release|Any CPU
		{3D73DB7B-424B-40E0-B862-71299733C562}.Debug|Any CPU.ActiveCfg = Debug|Any CPU
		{3D73DB7B-424B-40E0-B862-71299733C562}.Debug|Any CPU.Build.0 = Debug|Any CPU
		{3D73DB7B-424B-40E0-B862-71299733C562}.Release|Any CPU.ActiveCfg = Release|Any CPU
		{3D73DB7B-424B-40E0-B862-71299733C562}.Release|Any CPU.Build.0 = Release|Any CPU
		{01D0E6E8-0A41-4193-AA93-F4BE0220C1CB}.Debug|Any CPU.ActiveCfg = Debug|Any CPU
		{01D0E6E8-0A41-4193-AA93-F4BE0220C1CB}.Debug|Any CPU.Build.0 = Debug|Any CPU
		{01D0E6E8-0A41-4193-AA93-F4BE0220C1CB}.Release|Any CPU.ActiveCfg = Release|Any CPU
		{01D0E6E8-0A41-4193-AA93-F4BE0220C1CB}.Release|Any CPU.Build.0 = Release|Any CPU
		{8BCBD193-CE59-438D-ABEE-01E3A1304206}.Debug|Any CPU.ActiveCfg = Debug|Any CPU
		{8BCBD193-CE59-438D-ABEE-01E3A1304206}.Debug|Any CPU.Build.0 = Debug|Any CPU
		{8BCBD193-CE59-438D-ABEE-01E3A1304206}.Release|Any CPU.ActiveCfg = Release|Any CPU
		{8BCBD193-CE59-438D-ABEE-01E3A1304206}.Release|Any CPU.Build.0 = Release|Any CPU
		{688C7FA9-4DB1-4B0E-A6BE-DF3981180E50}.Debug|Any CPU.ActiveCfg = Debug|Any CPU
		{688C7FA9-4DB1-4B0E-A6BE-DF3981180E50}.Debug|Any CPU.Build.0 = Debug|Any CPU
		{688C7FA9-4DB1-4B0E-A6BE-DF3981180E50}.Release|Any CPU.ActiveCfg = Release|Any CPU
		{688C7FA9-4DB1-4B0E-A6BE-DF3981180E50}.Release|Any CPU.Build.0 = Release|Any CPU
	EndGlobalSection
	GlobalSection(SolutionProperties) = preSolution
		HideSolutionNode = FALSE
	EndGlobalSection
	GlobalSection(NestedProjects) = preSolution
		{688C7FA9-4DB1-4B0E-A6BE-DF3981180E50} = {25F7E1C4-7592-48AB-961D-A087F761CBA5}
	EndGlobalSection
EndGlobal
